PODS:
  - StromFacilitate/Utilities (1.1.2)

DEPENDENCIES:
  - StromFacilitate/Utilities

SPEC REPOS:
  https://github.com/cocoapods/specs.git:
    - StromFacilitate

SPEC CHECKSUMS:
  StromFacilitate: 64cca2d6d30a17faae4527ed9b6400e21e9a0674

PODFILE CHECKSUM: 660e4fa2d2de2d71192a4ad36e6ec036a3923007

COCOAPODS: 1.5.3
